
Microsoft Visual Studio Solution File, Format Version 12.00
# Visual Studio Version 16
VisualStudioVersion = 16.0.31911.196
MinimumVisualStudioVersion = 10.0.40219.1
Project("{FAE04EC0-301F-11D3-BF4B-00C04F79EFBC}") = "AlgoritmosTIC", "AlgoritmosTIC\AlgoritmosTIC.csproj", "{7E557D8D-4041-4621-9255-444BE559BDA8}"
EndProject
Global
	GlobalSection(SolutionConfigurationPlatforms) = preSolution
		Debug|Any CPU = Debug|Any CPU
		Release|Any CPU = Release|Any CPU
	EndGlobalSection
	GlobalSection(ProjectConfigurationPlatforms) = postSolution
		{7E557D8D-4041-4621-9255-444BE559BDA8}.Debug|Any CPU.ActiveCfg = Debug|Any CPU
		{7E557D8D-4041-4621-9255-444BE559BDA8}.Debug|Any CPU.Build.0 = Debug|Any CPU
		{7E557D8D-4041-4621-9255-444BE559BDA8}.Release|Any CPU.ActiveCfg = Release|Any CPU
		{7E557D8D-4041-4621-9255-444BE559BDA8}.Release|Any CPU.Build.0 = Release|Any CPU
	EndGlobalSection
	GlobalSection(SolutionProperties) = preSolution
		HideSolutionNode = FALSE
	EndGlobalSection
	GlobalSection(ExtensibilityGlobals) = postSolution
		SolutionGuid = {CCCE6AE1-DA81-46FC-82A0-2D894E8C0600}
	EndGlobalSection
EndGlobal
